
Microsoft Visual Studio Solution File, Format Version 12.00
# Visual Studio 15
VisualStudioVersion = 15.0.28307.645
MinimumVisualStudioVersion = 10.0.40219.1
Project("{FAE04EC0-301F-11D3-BF4B-00C04F79EFBC}") = "ForTraining", "ForTraining\ForTraining.csproj", "{47D557AB-086B-4317-A18F-5632CFAF6FDA}"
EndProject
Global
	GlobalSection(SolutionConfigurationPlatforms) = preSolution
		Debug|Any CPU = Debug|Any CPU
		Release|Any CPU = Release|Any CPU
	EndGlobalSection
	GlobalSection(ProjectConfigurationPlatforms) = postSolution
		{47D557AB-086B-4317-A18F-5632CFAF6FDA}.Debug|Any CPU.ActiveCfg = Debug|Any CPU
		{47D557AB-086B-4317-A18F-5632CFAF6FDA}.Debug|Any CPU.Build.0 = Debug|Any CPU
		{47D557AB-086B-4317-A18F-5632CFAF6FDA}.Release|Any CPU.ActiveCfg = Release|Any CPU
		{47D557AB-086B-4317-A18F-5632CFAF6FDA}.Release|Any CPU.Build.0 = Release|Any CPU
	EndGlobalSection
	GlobalSection(SolutionProperties) = preSolution
		HideSolutionNode = FALSE
	EndGlobalSection
	GlobalSection(ExtensibilityGlobals) = postSolution
		SolutionGuid = {4E992A1E-6CC9-463D-8886-10103EB806E1}
	EndGlobalSection
EndGlobal
